# This file is automatically @generated by Poetry 2.1.3 and should not be changed by hand.

[[package]]
name = "slack-sdk"
version = "3.39.0"
description = "The Slack API Platform SDK for Python"
optional = false
python-versions = ">=3.7"
groups = ["main"]
files = [
    {file = "slack_sdk-3.39.0-py2.py3-none-any.whl", hash = "sha256:b1556b2f5b8b12b94e5ea3f56c4f2c7f04462e4e1013d325c5764ff118044fa8"},
    {file = "slack_sdk-3.39.0.tar.gz", hash = "sha256:6a56be10dc155c436ff658c6b776e1c082e29eae6a771fccf8b0a235822bbcb1"},
]

[package.extras]
optional = ["SQLAlchemy (>=1.4,<3)", "aiodns (>1.0)", "aiohttp (>=3.7.3,<4)", "boto3 (<=2)", "websocket-client (>=1,<2)", "websockets (>=9.1,<16)"]

[metadata]
lock-version = "2.1"
python-versions = ">=3.10,<3.14"
content-hash = "8039704476f6310a7865d6e6f153c3b6fadbe546d39c9b7856f3c8c943a9426a"
